{
  "nodes": {
    "import-tree": {
      "locked": {
        "lastModified": 1778781969,
        "narHash": "sha256-Jjuz5CmSkur8KvLDoGa+vylEp+RkQtv4mt/qcMznpH0=",
        "owner": "vic",
        "repo": "import-tree",
        "rev": "d321337efd0f23a9eb14a42adb7b2c29313ab274",
        "type": "github"
      },
      "original": {
        "owner": "vic",
        "repo": "import-tree",
        "type": "github"
      }
    },
    "nest": {
      "locked": {
        "lastModified": 1779765823,
        "narHash": "sha256-jtuJP+gMbp5/xAvzGeM8VCdI8mi0bTLdrfohxv62HPM=",
        "owner": "vic",
        "repo": "nest",
        "rev": "d93a853f7c05807edb60cf6c0aa570101ee5626b",
        "type": "github"
      },
      "original": {
        "owner": "vic",
        "repo": "nest",
        "type": "github"
      }
    },
    "nixpkgs": {
      "locked": {
        "lastModified": 1779694939,
        "narHash": "sha256-luOcHMj74mEbDfB9dbcvMlXUF/6oefoKI2xxyZAvyy0=",
        "rev": "f9d8b65950353691ab56561e7c73d2e1063d810b",
        "type": "tarball",
        "url": "https://releases.nixos.org/nixpkgs/nixpkgs-26.11pre1004746.f9d8b6595035/nixexprs.tar.xz"
      },
      "original": {
        "type": "tarball",
        "url": "https://channels.nixos.org/nixpkgs-unstable/nixexprs.tar.xz"
      }
    },
    "root": {
      "inputs": {
        "import-tree": "import-tree",
        "nest": "nest",
        "nixpkgs": "nixpkgs"
      }
    }
  },
  "root": "root",
  "version": 7
}
